// !$*UTF8*$!
{
	archiveVersion = 1;
	classes = {
	};
	objectVersion = 48;
	objects = {

/* Begin PBXBuildFile section */
		B70796FC20EF676200195A65 /* IMChartData.m in Sources */ = {isa = PBXBuildFile; fileRef = B70796D720EF676200195A65 /* IMChartData.m */; };
		B70796FD20EF676200195A65 /* IMChartPoint.m in Sources */ = {isa = PBXBuildFile; fileRef = B70796D820EF676200195A65 /* IMChartPoint.m */; };
		B70796FE20EF676200195A65 /* IMChartDataGroup.m in Sources */ = {isa = PBXBuildFile; fileRef = B70796D920EF676200195A65 /* IMChartDataGroup.m */; };
		B70796FF20EF676200195A65 /* IMChartRightTipView.m in Sources */ = {isa = PBXBuildFile; fileRef = B70796E020EF676200195A65 /* IMChartRightTipView.m */; };
		B707970020EF676200195A65 /* IMSmoothedLineChartPainer.m in Sources */ = {isa = PBXBuildFile; fileRef = B70796E520EF676200195A65 /* IMSmoothedLineChartPainer.m */; };
		B707970120EF676200195A65 /* IMLineChartView.m in Sources */ = {isa = PBXBuildFile; fileRef = B70796E620EF676200195A65 /* IMLineChartView.m */; };
		B707970220EF676200195A65 /* IMChartScrollView.m in Sources */ = {isa = PBXBuildFile; fileRef = B70796E920EF676200195A65 /* IMChartScrollView.m */; };
		B707970320EF676200195A65 /* IMColumnChartView.m in Sources */ = {isa = PBXBuildFile; fileRef = B70796EB20EF676200195A65 /* IMColumnChartView.m */; };
		B707970420EF676200195A65 /* IMChartTimeLineView.m in Sources */ = {isa = PBXBuildFile; fileRef = B70796EF20EF676200195A65 /* IMChartTimeLineView.m */; };
		B707970520EF676200195A65 /* IMBothColumnChartView.m in Sources */ = {isa = PBXBuildFile; fileRef = B70796F220EF676200195A65 /* IMBothColumnChartView.m */; };
		B707970620EF676200195A65 /* IMTrendColumnChartPainer.m in Sources */ = {isa = PBXBuildFile; fileRef = B70796F620EF676200195A65 /* IMTrendColumnChartPainer.m */; };
		B707970720EF676200195A65 /* IMTrendColumnChartView.m in Sources */ = {isa = PBXBuildFile; fileRef = B70796F820EF676200195A65 /* IMTrendColumnChartView.m */; };
		B707970820EF676200195A65 /* IMChartChooseView.m in Sources */ = {isa = PBXBuildFile; fileRef = B70796FB20EF676200195A65 /* IMChartChooseView.m */; };
		B76276D920871F500033BD8E /* ViewController1.m in Sources */ = {isa = PBXBuildFile; fileRef = B76276D820871F500033BD8E /* ViewController1.m */; };
		B7A5BD4020846F390033D998 /* UIView+IMRect.m in Sources */ = {isa = PBXBuildFile; fileRef = B7A5BD2920846F390033D998 /* UIView+IMRect.m */; };
		B7A5BD4120846F390033D998 /* IMChartData+Parse.m in Sources */ = {isa = PBXBuildFile; fileRef = B7A5BD2C20846F390033D998 /* IMChartData+Parse.m */; };
		B7A5BD4220846F390033D998 /* Assets.xcassets in Resources */ = {isa = PBXBuildFile; fileRef = B7A5BD2E20846F390033D998 /* Assets.xcassets */; };
		B7A5BD4320846F390033D998 /* 3m.json in Resources */ = {isa = PBXBuildFile; fileRef = B7A5BD3020846F390033D998 /* 3m.json */; };
		B7A5BD4420846F390033D998 /* 1m.json in Resources */ = {isa = PBXBuildFile; fileRef = B7A5BD3120846F390033D998 /* 1m.json */; };
		B7A5BD4520846F390033D998 /* 1y.json in Resources */ = {isa = PBXBuildFile; fileRef = B7A5BD3220846F390033D998 /* 1y.json */; };
		B7A5BD4620846F390033D998 /* ytd.json in Resources */ = {isa = PBXBuildFile; fileRef = B7A5BD3320846F390033D998 /* ytd.json */; };
		B7A5BD4720846F390033D998 /* 7d.json in Resources */ = {isa = PBXBuildFile; fileRef = B7A5BD3420846F390033D998 /* 7d.json */; };
		B7A5BD4820846F390033D998 /* 1d.json in Resources */ = {isa = PBXBuildFile; fileRef = B7A5BD3520846F390033D998 /* 1d.json */; };
		B7A5BD4920846F390033D998 /* all.json in Resources */ = {isa = PBXBuildFile; fileRef = B7A5BD3620846F390033D998 /* all.json */; };
		B7A5BD4A20846F390033D998 /* LaunchScreen.storyboard in Resources */ = {isa = PBXBuildFile; fileRef = B7A5BD3720846F390033D998 /* LaunchScreen.storyboard */; };
		B7A5BD4B20846F390033D998 /* ViewController.m in Sources */ = {isa = PBXBuildFile; fileRef = B7A5BD3920846F390033D998 /* ViewController.m */; };
		B7A5BD4C20846F390033D998 /* Main.storyboard in Resources */ = {isa = PBXBuildFile; fileRef = B7A5BD3A20846F390033D998 /* Main.storyboard */; };
		B7A5BD4D20846F390033D998 /* main.m in Sources */ = {isa = PBXBuildFile; fileRef = B7A5BD3C20846F390033D998 /* main.m */; };
		B7A5BD4E20846F390033D998 /* AppDelegate.m in Sources */ = {isa = PBXBuildFile; fileRef = B7A5BD3D20846F390033D998 /* AppDelegate.m */; };
		B7A5BD4F20846F390033D998 /* Info.plist in Resources */ = {isa = PBXBuildFile; fileRef = B7A5BD3E20846F390033D998 /* Info.plist */; };
		CBF6101F0C98ACD3372923BB /* Pods_IMChartDemo.framework in Frameworks */ = {isa = PBXBuildFile; fileRef = 5B8182CEF7DAE0360C2D67E3 /* Pods_IMChartDemo.framework */; };
/* End PBXBuildFile section */

/* Begin PBXFileReference section */
		1383C607B15683410F540827 /* Pods-IMChartDemo.release.xcconfig */ = {isa = PBXFileReference; includeInIndex = 1; lastKnownFileType = text.xcconfig; name = "Pods-IMChartDemo.release.xcconfig"; path = "Pods/Target Support Files/Pods-IMChartDemo/Pods-IMChartDemo.release.xcconfig"; sourceTree = "<group>"; };
		3D77293E09D0E5EB754035BB /* Pods-IMChartDemo.debug.xcconfig */ = {isa = PBXFileReference; includeInIndex = 1; lastKnownFileType = text.xcconfig; name = "Pods-IMChartDemo.debug.xcconfig"; path = "Pods/Target Support Files/Pods-IMChartDemo/Pods-IMChartDemo.debug.xcconfig"; sourceTree = "<group>"; };
		5B8182CEF7DAE0360C2D67E3 /* Pods_IMChartDemo.framework */ = {isa = PBXFileReference; explicitFileType = wrapper.framework; includeInIndex = 0; path = Pods_IMChartDemo.framework; sourceTree = BUILT_PRODUCTS_DIR; };
		B70796D520EF676200195A65 /* IMChart.h */ = {isa = PBXFileReference; fileEncoding = 4; lastKnownFileType = sourcecode.c.h; path = IMChart.h; sourceTree = "<group>"; };
		B70796D720EF676200195A65 /* IMChartData.m */ = {isa = PBXFileReference; fileEncoding = 4; lastKnownFileType = sourcecode.c.objc; path = IMChartData.m; sourceTree = "<group>"; };
		B70796D820EF676200195A65 /* IMChartPoint.m */ = {isa = PBXFileReference; fileEncoding = 4; lastKnownFileType = sourcecode.c.objc; path = IMChartPoint.m; sourceTree = "<group>"; };
		B70796D920EF676200195A65 /* IMChartDataGroup.m */ = {isa = PBXFileReference; fileEncoding = 4; lastKnownFileType = sourcecode.c.objc; path = IMChartDataGroup.m; sourceTree = "<group>"; };
		B70796DA20EF676200195A65 /* IMChartData.h */ = {isa = PBXFileReference; fileEncoding = 4; lastKnownFileType = sourcecode.c.h; path = IMChartData.h; sourceTree = "<group>"; };
		B70796DB20EF676200195A65 /* IMChartPoint.h */ = {isa = PBXFileReference; fileEncoding = 4; lastKnownFileType = sourcecode.c.h; path = IMChartPoint.h; sourceTree = "<group>"; };
		B70796DC20EF676200195A65 /* IMChartDataGroup.h */ = {isa = PBXFileReference; fileEncoding = 4; lastKnownFileType = sourcecode.c.h; path = IMChartDataGroup.h; sourceTree = "<group>"; };
		B70796DF20EF676200195A65 /* IMChartRightTipView.h */ = {isa = PBXFileReference; fileEncoding = 4; lastKnownFileType = sourcecode.c.h; path = IMChartRightTipView.h; sourceTree = "<group>"; };
		B70796E020EF676200195A65 /* IMChartRightTipView.m */ = {isa = PBXFileReference; fileEncoding = 4; lastKnownFileType = sourcecode.c.objc; path = IMChartRightTipView.m; sourceTree = "<group>"; };
		B70796E220EF676200195A65 /* IMLineChartView.h */ = {isa = PBXFileReference; fileEncoding = 4; lastKnownFileType = sourcecode.c.h; path = IMLineChartView.h; sourceTree = "<group>"; };
		B70796E420EF676200195A65 /* IMSmoothedLineChartPainer.h */ = {isa = PBXFileReference; fileEncoding = 4; lastKnownFileType = sourcecode.c.h; path = IMSmoothedLineChartPainer.h; sourceTree = "<group>"; };
		B70796E520EF676200195A65 /* IMSmoothedLineChartPainer.m */ = {isa = PBXFileReference; fileEncoding = 4; lastKnownFileType = sourcecode.c.objc; path = IMSmoothedLineChartPainer.m; sourceTree = "<group>"; };
		B70796E620EF676200195A65 /* IMLineChartView.m */ = {isa = PBXFileReference; fileEncoding = 4; lastKnownFileType = sourcecode.c.objc; path = IMLineChartView.m; sourceTree = "<group>"; };
		B70796E820EF676200195A65 /* IMChartScrollView.h */ = {isa = PBXFileReference; fileEncoding = 4; lastKnownFileType = sourcecode.c.h; path = IMChartScrollView.h; sourceTree = "<group>"; };
		B70796E920EF676200195A65 /* IMChartScrollView.m */ = {isa = PBXFileReference; fileEncoding = 4; lastKnownFileType = sourcecode.c.objc; path = IMChartScrollView.m; sourceTree = "<group>"; };
		B70796EB20EF676200195A65 /* IMColumnChartView.m */ = {isa = PBXFileReference; fileEncoding = 4; lastKnownFileType = sourcecode.c.objc; path = IMColumnChartView.m; sourceTree = "<group>"; };
		B70796EC20EF676200195A65 /* IMColumnChartView.h */ = {isa = PBXFileReference; fileEncoding = 4; lastKnownFileType = sourcecode.c.h; path = IMColumnChartView.h; sourceTree = "<group>"; };
		B70796EE20EF676200195A65 /* IMChartTimeLineView.h */ = {isa = PBXFileReference; fileEncoding = 4; lastKnownFileType = sourcecode.c.h; path = IMChartTimeLineView.h; sourceTree = "<group>"; };
		B70796EF20EF676200195A65 /* IMChartTimeLineView.m */ = {isa = PBXFileReference; fileEncoding = 4; lastKnownFileType = sourcecode.c.objc; path = IMChartTimeLineView.m; sourceTree = "<group>"; };
		B70796F120EF676200195A65 /* IMBothColumnChartView.h */ = {isa = PBXFileReference; fileEncoding = 4; lastKnownFileType = sourcecode.c.h; path = IMBothColumnChartView.h; sourceTree = "<group>"; };
		B70796F220EF676200195A65 /* IMBothColumnChartView.m */ = {isa = PBXFileReference; fileEncoding = 4; lastKnownFileType = sourcecode.c.objc; path = IMBothColumnChartView.m; sourceTree = "<group>"; };
		B70796F420EF676200195A65 /* IMTrendColumnChartView.h */ = {isa = PBXFileReference; fileEncoding = 4; lastKnownFileType = sourcecode.c.h; path = IMTrendColumnChartView.h; sourceTree = "<group>"; };
		B70796F620EF676200195A65 /* IMTrendColumnChartPainer.m */ = {isa = PBXFileReference; fileEncoding = 4; lastKnownFileType = sourcecode.c.objc; path = IMTrendColumnChartPainer.m; sourceTree = "<group>"; };
		B70796F720EF676200195A65 /* IMTrendColumnChartPainer.h */ = {isa = PBXFileReference; fileEncoding = 4; lastKnownFileType = sourcecode.c.h; path = IMTrendColumnChartPainer.h; sourceTree = "<group>"; };
		B70796F820EF676200195A65 /* IMTrendColumnChartView.m */ = {isa = PBXFileReference; fileEncoding = 4; lastKnownFileType = sourcecode.c.objc; path = IMTrendColumnChartView.m; sourceTree = "<group>"; };
		B70796FA20EF676200195A65 /* IMChartChooseView.h */ = {isa = PBXFileReference; fileEncoding = 4; lastKnownFileType = sourcecode.c.h; path = IMChartChooseView.h; sourceTree = "<group>"; };
		B70796FB20EF676200195A65 /* IMChartChooseView.m */ = {isa = PBXFileReference; fileEncoding = 4; lastKnownFileType = sourcecode.c.objc; path = IMChartChooseView.m; sourceTree = "<group>"; };
		B76276D720871F500033BD8E /* ViewController1.h */ = {isa = PBXFileReference; lastKnownFileType = sourcecode.c.h; path = ViewController1.h; sourceTree = "<group>"; };
		B76276D820871F500033BD8E /* ViewController1.m */ = {isa = PBXFileReference; lastKnownFileType = sourcecode.c.objc; path = ViewController1.m; sourceTree = "<group>"; };
		B7A5BD2720846F390033D998 /* AppDelegate.h */ = {isa = PBXFileReference; fileEncoding = 4; lastKnownFileType = sourcecode.c.h; path = AppDelegate.h; sourceTree = "<group>"; };
		B7A5BD2920846F390033D998 /* UIView+IMRect.m */ = {isa = PBXFileReference; fileEncoding = 4; lastKnownFileType = sourcecode.c.objc; path = "UIView+IMRect.m"; sourceTree = "<group>"; };
		B7A5BD2A20846F390033D998 /* IMChartData+Parse.h */ = {isa = PBXFileReference; fileEncoding = 4; lastKnownFileType = sourcecode.c.h; path = "IMChartData+Parse.h"; sourceTree = "<group>"; };
		B7A5BD2B20846F390033D998 /* UIView+IMRect.h */ = {isa = PBXFileReference; fileEncoding = 4; lastKnownFileType = sourcecode.c.h; path = "UIView+IMRect.h"; sourceTree = "<group>"; };
		B7A5BD2C20846F390033D998 /* IMChartData+Parse.m */ = {isa = PBXFileReference; fileEncoding = 4; lastKnownFileType = sourcecode.c.objc; path = "IMChartData+Parse.m"; sourceTree = "<group>"; };
		B7A5BD2E20846F390033D998 /* Assets.xcassets */ = {isa = PBXFileReference; lastKnownFileType = folder.assetcatalog; path = Assets.xcassets; sourceTree = "<group>"; };
		B7A5BD3020846F390033D998 /* 3m.json */ = {isa = PBXFileReference; fileEncoding = 4; lastKnownFileType = text.json; path = 3m.json; sourceTree = "<group>"; };
		B7A5BD3120846F390033D998 /* 1m.json */ = {isa = PBXFileReference; fileEncoding = 4; lastKnownFileType = text.json; path = 1m.json; sourceTree = "<group>"; };
		B7A5BD3220846F390033D998 /* 1y.json */ = {isa = PBXFileReference; fileEncoding = 4; lastKnownFileType = text.json; path = 1y.json; sourceTree = "<group>"; };
		B7A5BD3320846F390033D998 /* ytd.json */ = {isa = PBXFileReference; fileEncoding = 4; lastKnownFileType = text.json; path = ytd.json; sourceTree = "<group>"; };
		B7A5BD3420846F390033D998 /* 7d.json */ = {isa = PBXFileReference; fileEncoding = 4; lastKnownFileType = text.json; path = 7d.json; sourceTree = "<group>"; };
		B7A5BD3520846F390033D998 /* 1d.json */ = {isa = PBXFileReference; fileEncoding = 4; lastKnownFileType = text.json; path = 1d.json; sourceTree = "<group>"; };
		B7A5BD3620846F390033D998 /* all.json */ = {isa = PBXFileReference; fileEncoding = 4; lastKnownFileType = text.json; path = all.json; sourceTree = "<group>"; };
		B7A5BD3820846F390033D998 /* Base */ = {isa = PBXFileReference; lastKnownFileType = file.storyboard; name = Base; path = Base.lproj/LaunchScreen.storyboard; sourceTree = "<group>"; };
		B7A5BD3920846F390033D998 /* ViewController.m */ = {isa = PBXFileReference; fileEncoding = 4; lastKnownFileType = sourcecode.c.objc; path = ViewController.m; sourceTree = "<group>"; };
		B7A5BD3B20846F390033D998 /* Base */ = {isa = PBXFileReference; lastKnownFileType = file.storyboard; name = Base; path = Base.lproj/Main.storyboard; sourceTree = "<group>"; };
		B7A5BD3C20846F390033D998 /* main.m */ = {isa = PBXFileReference; fileEncoding = 4; lastKnownFileType = sourcecode.c.objc; path = main.m; sourceTree = "<group>"; };
		B7A5BD3D20846F390033D998 /* AppDelegate.m */ = {isa = PBXFileReference; fileEncoding = 4; lastKnownFileType = sourcecode.c.objc; path = AppDelegate.m; sourceTree = "<group>"; };
		B7A5BD3E20846F390033D998 /* Info.plist */ = {isa = PBXFileReference; fileEncoding = 4; lastKnownFileType = text.plist.xml; path = Info.plist; sourceTree = "<group>"; };
		B7A5BD3F20846F390033D998 /* ViewController.h */ = {isa = PBXFileReference; fileEncoding = 4; lastKnownFileType = sourcecode.c.h; path = ViewController.h; sourceTree = "<group>"; };
		B7F7AA33206647C800315052 /* IMChartDemo.app */ = {isa = PBXFileReference; explicitFileType = wrapper.application; includeInIndex = 0; path = IMChartDemo.app; sourceTree = BUILT_PRODUCTS_DIR; };
/* End PBXFileReference section */

/* Begin PBXFrameworksBuildPhase section */
		B7F7AA30206647C800315052 /* Frameworks */ = {
			isa = PBXFrameworksBuildPhase;
			buildActionMask = 2147483647;
			files = (
				CBF6101F0C98ACD3372923BB /* Pods_IMChartDemo.framework in Frameworks */,
			);
			runOnlyForDeploymentPostprocessing = 0;
		};
/* End PBXFrameworksBuildPhase section */

/* Begin PBXGroup section */
		08DF96F12C6498250059BB28 /* Frameworks */ = {
			isa = PBXGroup;
			children = (
				5B8182CEF7DAE0360C2D67E3 /* Pods_IMChartDemo.framework */,
			);
			name = Frameworks;
			sourceTree = "<group>";
		};
		44A7B54A8093119D7C9C054D /* Pods */ = {
			isa = PBXGroup;
			children = (
				3D77293E09D0E5EB754035BB /* Pods-IMChartDemo.debug.xcconfig */,
				1383C607B15683410F540827 /* Pods-IMChartDemo.release.xcconfig */,
			);
			name = Pods;
			sourceTree = "<group>";
		};
		B70796D420EF676200195A65 /* IMChart */ = {
			isa = PBXGroup;
			children = (
				B70796D520EF676200195A65 /* IMChart.h */,
				B70796D620EF676200195A65 /* M */,
				B70796DD20EF676200195A65 /* V */,
			);
			name = IMChart;
			path = ../../IMChart;
			sourceTree = "<group>";
		};
		B70796D620EF676200195A65 /* M */ = {
			isa = PBXGroup;
			children = (
				B70796D720EF676200195A65 /* IMChartData.m */,
				B70796D820EF676200195A65 /* IMChartPoint.m */,
				B70796D920EF676200195A65 /* IMChartDataGroup.m */,
				B70796DA20EF676200195A65 /* IMChartData.h */,
				B70796DB20EF676200195A65 /* IMChartPoint.h */,
				B70796DC20EF676200195A65 /* IMChartDataGroup.h */,
			);
			path = M;
			sourceTree = "<group>";
		};
		B70796DD20EF676200195A65 /* V */ = {
			isa = PBXGroup;
			children = (
				B70796DE20EF676200195A65 /* RightTipView */,
				B70796E120EF676200195A65 /* LineChartView */,
				B70796E720EF676200195A65 /* ChartScrollView */,
				B70796EA20EF676200195A65 /* ColumnChartView */,
				B70796ED20EF676200195A65 /* TimeLineView */,
				B70796F020EF676200195A65 /* BothColumnChartView */,
				B70796F320EF676200195A65 /* TrendColumnChartView */,
				B70796F920EF676200195A65 /* ChooseView */,
			);
			path = V;
			sourceTree = "<group>";
		};
		B70796DE20EF676200195A65 /* RightTipView */ = {
			isa = PBXGroup;
			children = (
				B70796DF20EF676200195A65 /* IMChartRightTipView.h */,
				B70796E020EF676200195A65 /* IMChartRightTipView.m */,
			);
			path = RightTipView;
			sourceTree = "<group>";
		};
		B70796E120EF676200195A65 /* LineChartView */ = {
			isa = PBXGroup;
			children = (
				B70796E220EF676200195A65 /* IMLineChartView.h */,
				B70796E320EF676200195A65 /* Painer */,
				B70796E620EF676200195A65 /* IMLineChartView.m */,
			);
			path = LineChartView;
			sourceTree = "<group>";
		};
		B70796E320EF676200195A65 /* Painer */ = {
			isa = PBXGroup;
			children = (
				B70796E420EF676200195A65 /* IMSmoothedLineChartPainer.h */,
				B70796E520EF676200195A65 /* IMSmoothedLineChartPainer.m */,
			);
			path = Painer;
			sourceTree = "<group>";
		};
		B70796E720EF676200195A65 /* ChartScrollView */ = {
			isa = PBXGroup;
			children = (
				B70796E820EF676200195A65 /* IMChartScrollView.h */,
				B70796E920EF676200195A65 /* IMChartScrollView.m */,
			);
			path = ChartScrollView;
			sourceTree = "<group>";
		};
		B70796EA20EF676200195A65 /* ColumnChartView */ = {
			isa = PBXGroup;
			children = (
				B70796EB20EF676200195A65 /* IMColumnChartView.m */,
				B70796EC20EF676200195A65 /* IMColumnChartView.h */,
			);
			path = ColumnChartView;
			sourceTree = "<group>";
		};
		B70796ED20EF676200195A65 /* TimeLineView */ = {
			isa = PBXGroup;
			children = (
				B70796EE20EF676200195A65 /* IMChartTimeLineView.h */,
				B70796EF20EF676200195A65 /* IMChartTimeLineView.m */,
			);
			path = TimeLineView;
			sourceTree = "<group>";
		};
		B70796F020EF676200195A65 /* BothColumnChartView */ = {
			isa = PBXGroup;
			children = (
				B70796F120EF676200195A65 /* IMBothColumnChartView.h */,
				B70796F220EF676200195A65 /* IMBothColumnChartView.m */,
			);
			path = BothColumnChartView;
			sourceTree = "<group>";
		};
		B70796F320EF676200195A65 /* TrendColumnChartView */ = {
			isa = PBXGroup;
			children = (
				B70796F420EF676200195A65 /* IMTrendColumnChartView.h */,
				B70796F520EF676200195A65 /* Painer */,
				B70796F820EF676200195A65 /* IMTrendColumnChartView.m */,
			);
			path = TrendColumnChartView;
			sourceTree = "<group>";
		};
		B70796F520EF676200195A65 /* Painer */ = {
			isa = PBXGroup;
			children = (
				B70796F620EF676200195A65 /* IMTrendColumnChartPainer.m */,
				B70796F720EF676200195A65 /* IMTrendColumnChartPainer.h */,
			);
			path = Painer;
			sourceTree = "<group>";
		};
		B70796F920EF676200195A65 /* ChooseView */ = {
			isa = PBXGroup;
			children = (
				B70796FA20EF676200195A65 /* IMChartChooseView.h */,
				B70796FB20EF676200195A65 /* IMChartChooseView.m */,
			);
			path = ChooseView;
			sourceTree = "<group>";
		};
		B7A5BD2620846F390033D998 /* IMChartDemo */ = {
			isa = PBXGroup;
			children = (
				B70796D420EF676200195A65 /* IMChart */,
				B7A5BD2820846F390033D998 /* Extension */,
				B7A5BD2D20846F390033D998 /* Resources */,
				B7A5BD3F20846F390033D998 /* ViewController.h */,
				B7A5BD3920846F390033D998 /* ViewController.m */,
				B76276D720871F500033BD8E /* ViewController1.h */,
				B76276D820871F500033BD8E /* ViewController1.m */,
				B7A5BD3A20846F390033D998 /* Main.storyboard */,
			);
			path = IMChartDemo;
			sourceTree = "<group>";
		};
		B7A5BD2820846F390033D998 /* Extension */ = {
			isa = PBXGroup;
			children = (
				B7A5BD2920846F390033D998 /* UIView+IMRect.m */,
				B7A5BD2A20846F390033D998 /* IMChartData+Parse.h */,
				B7A5BD2B20846F390033D998 /* UIView+IMRect.h */,
				B7A5BD2C20846F390033D998 /* IMChartData+Parse.m */,
			);
			path = Extension;
			sourceTree = "<group>";
		};
		B7A5BD2D20846F390033D998 /* Resources */ = {
			isa = PBXGroup;
			children = (
				B7A5BD3C20846F390033D998 /* main.m */,
				B7A5BD3E20846F390033D998 /* Info.plist */,
				B7A5BD2E20846F390033D998 /* Assets.xcassets */,
				B7A5BD2F20846F390033D998 /* datajson */,
				B7A5BD3720846F390033D998 /* LaunchScreen.storyboard */,
				B7A5BD2720846F390033D998 /* AppDelegate.h */,
				B7A5BD3D20846F390033D998 /* AppDelegate.m */,
			);
			path = Resources;
			sourceTree = "<group>";
		};
		B7A5BD2F20846F390033D998 /* datajson */ = {
			isa = PBXGroup;
			children = (
				B7A5BD3020846F390033D998 /* 3m.json */,
				B7A5BD3120846F390033D998 /* 1m.json */,
				B7A5BD3220846F390033D998 /* 1y.json */,
				B7A5BD3320846F390033D998 /* ytd.json */,
				B7A5BD3420846F390033D998 /* 7d.json */,
				B7A5BD3520846F390033D998 /* 1d.json */,
				B7A5BD3620846F390033D998 /* all.json */,
			);
			path = datajson;
			sourceTree = "<group>";
		};
		B7F7AA2A206647C800315052 = {
			isa = PBXGroup;
			children = (
				B7A5BD2620846F390033D998 /* IMChartDemo */,
				B7F7AA34206647C800315052 /* Products */,
				44A7B54A8093119D7C9C054D /* Pods */,
				08DF96F12C6498250059BB28 /* Frameworks */,
			);
			sourceTree = "<group>";
		};
		B7F7AA34206647C800315052 /* Products */ = {
			isa = PBXGroup;
			children = (
				B7F7AA33206647C800315052 /* IMChartDemo.app */,
			);
			name = Products;
			sourceTree = "<group>";
		};
/* End PBXGroup section */

/* Begin PBXNativeTarget section */
		B7F7AA32206647C800315052 /* IMChartDemo */ = {
			isa = PBXNativeTarget;
			buildConfigurationList = B7F7AA49206647C800315052 /* Build configuration list for PBXNativeTarget "IMChartDemo" */;
			buildPhases = (
				A601A29C9BE5F78E42294244 /* [CP] Check Pods Manifest.lock */,
				B7F7AA2F206647C800315052 /* Sources */,
				B7F7AA30206647C800315052 /* Frameworks */,
				B7F7AA31206647C800315052 /* Resources */,
				6B5B45F103508223DD12BC97 /* [CP] Embed Pods Frameworks */,
				4B235DBA483C23F05CE51BE3 /* [CP] Copy Pods Resources */,
			);
			buildRules = (
			);
			dependencies = (
			);
			name = IMChartDemo;
			productName = IMChartDemo;
			productReference = B7F7AA33206647C800315052 /* IMChartDemo.app */;
			productType = "com.apple.product-type.application";
		};
/* End PBXNativeTarget section */

/* Begin PBXProject section */
		B7F7AA2B206647C800315052 /* Project object */ = {
			isa = PBXProject;
			attributes = {
				LastUpgradeCheck = 0920;
				ORGANIZATIONNAME = iMoon;
				TargetAttributes = {
					B7F7AA32206647C800315052 = {
						CreatedOnToolsVersion = 9.2;
						ProvisioningStyle = Automatic;
					};
				};
			};
			buildConfigurationList = B7F7AA2E206647C800315052 /* Build configuration list for PBXProject "IMChartDemo" */;
			compatibilityVersion = "Xcode 8.0";
			developmentRegion = en;
			hasScannedForEncodings = 0;
			knownRegions = (
				en,
				Base,
			);
			mainGroup = B7F7AA2A206647C800315052;
			productRefGroup = B7F7AA34206647C800315052 /* Products */;
			projectDirPath = "";
			projectRoot = "";
			targets = (
				B7F7AA32206647C800315052 /* IMChartDemo */,
			);
		};
/* End PBXProject section */

/* Begin PBXResourcesBuildPhase section */
		B7F7AA31206647C800315052 /* Resources */ = {
			isa = PBXResourcesBuildPhase;
			buildActionMask = 2147483647;
			files = (
				B7A5BD4A20846F390033D998 /* LaunchScreen.storyboard in Resources */,
				B7A5BD4C20846F390033D998 /* Main.storyboard in Resources */,
				B7A5BD4720846F390033D998 /* 7d.json in Resources */,
				B7A5BD4920846F390033D998 /* all.json in Resources */,
				B7A5BD4420846F390033D998 /* 1m.json in Resources */,
				B7A5BD4520846F390033D998 /* 1y.json in Resources */,
				B7A5BD4220846F390033D998 /* Assets.xcassets in Resources */,
				B7A5BD4620846F390033D998 /* ytd.json in Resources */,
				B7A5BD4F20846F390033D998 /* Info.plist in Resources */,
				B7A5BD4820846F390033D998 /* 1d.json in Resources */,
				B7A5BD4320846F390033D998 /* 3m.json in Resources */,
			);
			runOnlyForDeploymentPostprocessing = 0;
		};
/* End PBXResourcesBuildPhase section */

/* Begin PBXShellScriptBuildPhase section */
		4B235DBA483C23F05CE51BE3 /* [CP] Copy Pods Resources */ = {
			isa = PBXShellScriptBuildPhase;
			buildActionMask = 2147483647;
			files = (
			);
			inputPaths = (
			);
			name = "[CP] Copy Pods Resources";
			outputPaths = (
			);
			runOnlyForDeploymentPostprocessing = 0;
			shellPath = /bin/sh;
			shellScript = "\"${SRCROOT}/Pods/Target Support Files/Pods-IMChartDemo/Pods-IMChartDemo-resources.sh\"\n";
			showEnvVarsInLog = 0;
		};
		6B5B45F103508223DD12BC97 /* [CP] Embed Pods Frameworks */ = {
			isa = PBXShellScriptBuildPhase;
			buildActionMask = 2147483647;
			files = (
			);
			inputPaths = (
				"${SRCROOT}/Pods/Target Support Files/Pods-IMChartDemo/Pods-IMChartDemo-frameworks.sh",
				"${BUILT_PRODUCTS_DIR}/Masonry/Masonry.framework",
				"${BUILT_PRODUCTS_DIR}/ReactiveCocoa/ReactiveCocoa.framework",
				"${PODS_ROOT}/Reveal-SDK/RevealServer-13/iOS/RevealServer.framework",
			);
			name = "[CP] Embed Pods Frameworks";
			outputPaths = (
				"${TARGET_BUILD_DIR}/${FRAMEWORKS_FOLDER_PATH}/Masonry.framework",
				"${TARGET_BUILD_DIR}/${FRAMEWORKS_FOLDER_PATH}/ReactiveCocoa.framework",
				"${TARGET_BUILD_DIR}/${FRAMEWORKS_FOLDER_PATH}/RevealServer.framework",
			);
			runOnlyForDeploymentPostprocessing = 0;
			shellPath = /bin/sh;
			shellScript = "\"${SRCROOT}/Pods/Target Support Files/Pods-IMChartDemo/Pods-IMChartDemo-frameworks.sh\"\n";
			showEnvVarsInLog = 0;
		};
		A601A29C9BE5F78E42294244 /* [CP] Check Pods Manifest.lock */ = {
			isa = PBXShellScriptBuildPhase;
			buildActionMask = 2147483647;
			files = (
			);
			inputPaths = (
				"${PODS_PODFILE_DIR_PATH}/Podfile.lock",
				"${PODS_ROOT}/Manifest.lock",
			);
			name = "[CP] Check Pods Manifest.lock";
			outputPaths = (
				"$(DERIVED_FILE_DIR)/Pods-IMChartDemo-checkManifestLockResult.txt",
			);
			runOnlyForDeploymentPostprocessing = 0;
			shellPath = /bin/sh;
			shellScript = "diff \"${PODS_PODFILE_DIR_PATH}/Podfile.lock\" \"${PODS_ROOT}/Manifest.lock\" > /dev/null\nif [ $? != 0 ] ; then\n    # print error to STDERR\n    echo \"error: The sandbox is not in sync with the Podfile.lock. Run 'pod install' or update your CocoaPods installation.\" >&2\n    exit 1\nfi\n# This output is used by Xcode 'outputs' to avoid re-running this script phase.\necho \"SUCCESS\" > \"${SCRIPT_OUTPUT_FILE_0}\"\n";
			showEnvVarsInLog = 0;
		};
/* End PBXShellScriptBuildPhase section */

/* Begin PBXSourcesBuildPhase section */
		B7F7AA2F206647C800315052 /* Sources */ = {
			isa = PBXSourcesBuildPhase;
			buildActionMask = 2147483647;
			files = (
				B707970520EF676200195A65 /* IMBothColumnChartView.m in Sources */,
				B70796FC20EF676200195A65 /* IMChartData.m in Sources */,
				B7A5BD4B20846F390033D998 /* ViewController.m in Sources */,
				B7A5BD4120846F390033D998 /* IMChartData+Parse.m in Sources */,
				B707970620EF676200195A65 /* IMTrendColumnChartPainer.m in Sources */,
				B707970120EF676200195A65 /* IMLineChartView.m in Sources */,
				B70796FD20EF676200195A65 /* IMChartPoint.m in Sources */,
				B707970420EF676200195A65 /* IMChartTimeLineView.m in Sources */,
				B7A5BD4D20846F390033D998 /* main.m in Sources */,
				B7A5BD4020846F390033D998 /* UIView+IMRect.m in Sources */,
				B76276D920871F500033BD8E /* ViewController1.m in Sources */,
				B707970820EF676200195A65 /* IMChartChooseView.m in Sources */,
				B707970220EF676200195A65 /* IMChartScrollView.m in Sources */,
				B707970020EF676200195A65 /* IMSmoothedLineChartPainer.m in Sources */,
				B70796FE20EF676200195A65 /* IMChartDataGroup.m in Sources */,
				B707970320EF676200195A65 /* IMColumnChartView.m in Sources */,
				B707970720EF676200195A65 /* IMTrendColumnChartView.m in Sources */,
				B70796FF20EF676200195A65 /* IMChartRightTipView.m in Sources */,
				B7A5BD4E20846F390033D998 /* AppDelegate.m in Sources */,
			);
			runOnlyForDeploymentPostprocessing = 0;
		};
/* End PBXSourcesBuildPhase section */

/* Begin PBXVariantGroup section */
		B7A5BD3720846F390033D998 /* LaunchScreen.storyboard */ = {
			isa = PBXVariantGroup;
			children = (
				B7A5BD3820846F390033D998 /* Base */,
			);
			name = LaunchScreen.storyboard;
			sourceTree = "<group>";
		};
		B7A5BD3A20846F390033D998 /* Main.storyboard */ = {
			isa = PBXVariantGroup;
			children = (
				B7A5BD3B20846F390033D998 /* Base */,
			);
			name = Main.storyboard;
			sourceTree = "<group>";
		};
/* End PBXVariantGroup section */

/* Begin XCBuildConfiguration section */
		B7F7AA47206647C800315052 /* Debug */ = {
			isa = XCBuildConfiguration;
			buildSettings = {
				ALWAYS_SEARCH_USER_PATHS = NO;
				CLANG_ANALYZER_NONNULL = YES;
				CLANG_ANALYZER_NUMBER_OBJECT_CONVERSION = YES_AGGRESSIVE;
				CLANG_CXX_LANGUAGE_STANDARD = "gnu++14";
				CLANG_CXX_LIBRARY = "libc++";
				CLANG_ENABLE_MODULES = YES;
				CLANG_ENABLE_OBJC_ARC = YES;
				CLANG_WARN_BLOCK_CAPTURE_AUTORELEASING = YES;
				CLANG_WARN_BOOL_CONVERSION = YES;
				CLANG_WARN_COMMA = YES;
				CLANG_WARN_CONSTANT_CONVERSION = YES;
				CLANG_WARN_DIRECT_OBJC_ISA_USAGE = YES_ERROR;
				CLANG_WARN_DOCUMENTATION_COMMENTS = YES;
				CLANG_WARN_EMPTY_BODY = YES;
				CLANG_WARN_ENUM_CONVERSION = YES;
				CLANG_WARN_INFINITE_RECURSION = YES;
				CLANG_WARN_INT_CONVERSION = YES;
				CLANG_WARN_NON_LITERAL_NULL_CONVERSION = YES;
				CLANG_WARN_OBJC_LITERAL_CONVERSION = YES;
				CLANG_WARN_OBJC_ROOT_CLASS = YES_ERROR;
				CLANG_WARN_RANGE_LOOP_ANALYSIS = YES;
				CLANG_WARN_STRICT_PROTOTYPES = YES;
				CLANG_WARN_SUSPICIOUS_MOVE = YES;
				CLANG_WARN_UNGUARDED_AVAILABILITY = YES_AGGRESSIVE;
				CLANG_WARN_UNREACHABLE_CODE = YES;
				CLANG_WARN__DUPLICATE_METHOD_MATCH = YES;
				CODE_SIGN_IDENTITY = "iPhone Developer";
				COPY_PHASE_STRIP = NO;
				DEBUG_INFORMATION_FORMAT = dwarf;
				ENABLE_STRICT_OBJC_MSGSEND = YES;
				ENABLE_TESTABILITY = YES;
				GCC_C_LANGUAGE_STANDARD = gnu11;
				GCC_DYNAMIC_NO_PIC = NO;
				GCC_NO_COMMON_BLOCKS = YES;
				GCC_OPTIMIZATION_LEVEL = 0;
				GCC_PREPROCESSOR_DEFINITIONS = (
					"DEBUG=1",
					"$(inherited)",
				);
				GCC_WARN_64_TO_32_BIT_CONVERSION = YES;
				GCC_WARN_ABOUT_RETURN_TYPE = YES_ERROR;
				GCC_WARN_UNDECLARED_SELECTOR = YES;
				GCC_WARN_UNINITIALIZED_AUTOS = YES_AGGRESSIVE;
				GCC_WARN_UNUSED_FUNCTION = YES;
				GCC_WARN_UNUSED_VARIABLE = YES;
				IPHONEOS_DEPLOYMENT_TARGET = 11.2;
				MTL_ENABLE_DEBUG_INFO = YES;
				ONLY_ACTIVE_ARCH = YES;
				SDKROOT = iphoneos;
			};
			name = Debug;
		};
		B7F7AA48206647C800315052 /* Release */ = {
			isa = XCBuildConfiguration;
			buildSettings = {
				ALWAYS_SEARCH_USER_PATHS = NO;
				CLANG_ANALYZER_NONNULL = YES;
				CLANG_ANALYZER_NUMBER_OBJECT_CONVERSION = YES_AGGRESSIVE;
				CLANG_CXX_LANGUAGE_STANDARD = "gnu++14";
				CLANG_CXX_LIBRARY = "libc++";
				CLANG_ENABLE_MODULES = YES;
				CLANG_ENABLE_OBJC_ARC = YES;
				CLANG_WARN_BLOCK_CAPTURE_AUTORELEASING = YES;
				CLANG_WARN_BOOL_CONVERSION = YES;
				CLANG_WARN_COMMA = YES;
				CLANG_WARN_CONSTANT_CONVERSION = YES;
				CLANG_WARN_DIRECT_OBJC_ISA_USAGE = YES_ERROR;
				CLANG_WARN_DOCUMENTATION_COMMENTS = YES;
				CLANG_WARN_EMPTY_BODY = YES;
				CLANG_WARN_ENUM_CONVERSION = YES;
				CLANG_WARN_INFINITE_RECURSION = YES;
				CLANG_WARN_INT_CONVERSION = YES;
				CLANG_WARN_NON_LITERAL_NULL_CONVERSION = YES;
				CLANG_WARN_OBJC_LITERAL_CONVERSION = YES;
				CLANG_WARN_OBJC_ROOT_CLASS = YES_ERROR;
				CLANG_WARN_RANGE_LOOP_ANALYSIS = YES;
				CLANG_WARN_STRICT_PROTOTYPES = YES;
				CLANG_WARN_SUSPICIOUS_MOVE = YES;
				CLANG_WARN_UNGUARDED_AVAILABILITY = YES_AGGRESSIVE;
				CLANG_WARN_UNREACHABLE_CODE = YES;
				CLANG_WARN__DUPLICATE_METHOD_MATCH = YES;
				CODE_SIGN_IDENTITY = "iPhone Developer";
				COPY_PHASE_STRIP = NO;
				DEBUG_INFORMATION_FORMAT = "dwarf-with-dsym";
				ENABLE_NS_ASSERTIONS = NO;
				ENABLE_STRICT_OBJC_MSGSEND = YES;
				GCC_C_LANGUAGE_STANDARD = gnu11;
				GCC_NO_COMMON_BLOCKS = YES;
				GCC_WARN_64_TO_32_BIT_CONVERSION = YES;
				GCC_WARN_ABOUT_RETURN_TYPE = YES_ERROR;
				GCC_WARN_UNDECLARED_SELECTOR = YES;
				GCC_WARN_UNINITIALIZED_AUTOS = YES_AGGRESSIVE;
				GCC_WARN_UNUSED_FUNCTION = YES;
				GCC_WARN_UNUSED_VARIABLE = YES;
				IPHONEOS_DEPLOYMENT_TARGET = 11.2;
				MTL_ENABLE_DEBUG_INFO = NO;
				SDKROOT = iphoneos;
				VALIDATE_PRODUCT = YES;
			};
			name = Release;
		};
		B7F7AA4A206647C800315052 /* Debug */ = {
			isa = XCBuildConfiguration;
			baseConfigurationReference = 3D77293E09D0E5EB754035BB /* Pods-IMChartDemo.debug.xcconfig */;
			buildSettings = {
				ASSETCATALOG_COMPILER_APPICON_NAME = AppIcon;
				CODE_SIGN_STYLE = Automatic;
				DEVELOPMENT_TEAM = WXK7UF23NY;
				INFOPLIST_FILE = IMChartDemo/Resources/Info.plist;
				IPHONEOS_DEPLOYMENT_TARGET = 9.0;
				LD_RUNPATH_SEARCH_PATHS = "$(inherited) @executable_path/Frameworks";
				PRODUCT_BUNDLE_IDENTIFIER = com.yeeyuntech.IMChartDemo;
				PRODUCT_NAME = "$(TARGET_NAME)";
				TARGETED_DEVICE_FAMILY = "1,2";
			};
			name = Debug;
		};
		B7F7AA4B206647C800315052 /* Release */ = {
			isa = XCBuildConfiguration;
			baseConfigurationReference = 1383C607B15683410F540827 /* Pods-IMChartDemo.release.xcconfig */;
			buildSettings = {
				ASSETCATALOG_COMPILER_APPICON_NAME = AppIcon;
				CODE_SIGN_STYLE = Automatic;
				DEVELOPMENT_TEAM = WXK7UF23NY;
				INFOPLIST_FILE = IMChartDemo/Resources/Info.plist;
				IPHONEOS_DEPLOYMENT_TARGET = 9.0;
				LD_RUNPATH_SEARCH_PATHS = "$(inherited) @executable_path/Frameworks";
				PRODUCT_BUNDLE_IDENTIFIER = com.yeeyuntech.IMChartDemo;
				PRODUCT_NAME = "$(TARGET_NAME)";
				TARGETED_DEVICE_FAMILY = "1,2";
			};
			name = Release;
		};
/* End XCBuildConfiguration section */

/* Begin XCConfigurationList section */
		B7F7AA2E206647C800315052 /* Build configuration list for PBXProject "IMChartDemo" */ = {
			isa = XCConfigurationList;
			buildConfigurations = (
				B7F7AA47206647C800315052 /* Debug */,
				B7F7AA48206647C800315052 /* Release */,
			);
			defaultConfigurationIsVisible = 0;
			defaultConfigurationName = Release;
		};
		B7F7AA49206647C800315052 /* Build configuration list for PBXNativeTarget "IMChartDemo" */ = {
			isa = XCConfigurationList;
			buildConfigurations = (
				B7F7AA4A206647C800315052 /* Debug */,
				B7F7AA4B206647C800315052 /* Release */,
			);
			defaultConfigurationIsVisible = 0;
			defaultConfigurationName = Release;
		};
/* End XCConfigurationList section */
	};
	rootObject = B7F7AA2B206647C800315052 /* Project object */;
}
